// !$*UTF8*$!
{
	archiveVersion = 1;
	classes = {
	};
	objectVersion = 46;
	objects = {

/* Begin PBXBuildFile section */
		0B5EA477348744478E783F15 /* libPods-TrackMyTime.a in Frameworks */ = {isa = PBXBuildFile; fileRef = 5305367EABEE49EFBB5BA677 /* libPods-TrackMyTime.a */; };
		DE025E61185C761A00E806E9 /* NSDate-Utilities.m in Sources */ = {isa = PBXBuildFile; fileRef = DE025E60185C761A00E806E9 /* NSDate-Utilities.m */; };
		DE025E64185C99DE00E806E9 /* EKChartViewController.m in Sources */ = {isa = PBXBuildFile; fileRef = DE025E63185C99DE00E806E9 /* EKChartViewController.m */; };
		DE406C50185521E5001CCB6C /* EKCalendarViewController.xib in Resources */ = {isa = PBXBuildFile; fileRef = DE406C4F185521E5001CCB6C /* EKCalendarViewController.xib */; };
		DE40EBD1185E5AEB00F74ED7 /* NSString+TimeFormate.m in Sources */ = {isa = PBXBuildFile; fileRef = DE40EBD0185E5AEB00F74ED7 /* NSString+TimeFormate.m */; };
		DE40EBD7185E69C500F74ED7 /* UIColor+Expanded.m in Sources */ = {isa = PBXBuildFile; fileRef = DE40EBD6185E69C500F74ED7 /* UIColor+Expanded.m */; };
		DE58292B185BA3FB00645095 /* EKDateModel.m in Sources */ = {isa = PBXBuildFile; fileRef = DE58292A185BA3FB00645095 /* EKDateModel.m */; };
		DE5EF322185D3D2300BA0AA4 /* EKChartView.m in Sources */ = {isa = PBXBuildFile; fileRef = DE5EF321185D3D2300BA0AA4 /* EKChartView.m */; };
		DE87D2D61859E9DE00B59EA3 /* error.png in Resources */ = {isa = PBXBuildFile; fileRef = DE87D2CF1859E9DE00B59EA3 /* error.png */; };
		DE87D2D71859E9DE00B59EA3 /* success.png in Resources */ = {isa = PBXBuildFile; fileRef = DE87D2D01859E9DE00B59EA3 /* success.png */; };
		DE87D2D81859E9DE00B59EA3 /* reset.wav in Resources */ = {isa = PBXBuildFile; fileRef = DE87D2D21859E9DE00B59EA3 /* reset.wav */; };
		DE87D2D91859E9DE00B59EA3 /* save.wav in Resources */ = {isa = PBXBuildFile; fileRef = DE87D2D31859E9DE00B59EA3 /* save.wav */; };
		DE87D2DA1859E9DE00B59EA3 /* start.wav in Resources */ = {isa = PBXBuildFile; fileRef = DE87D2D41859E9DE00B59EA3 /* start.wav */; };
		DE87D2DB1859E9DE00B59EA3 /* stop.wav in Resources */ = {isa = PBXBuildFile; fileRef = DE87D2D51859E9DE00B59EA3 /* stop.wav */; };
		DE87D2DE185A1EA500B59EA3 /* EKRecordModel.m in Sources */ = {isa = PBXBuildFile; fileRef = DE87D2DD185A1EA500B59EA3 /* EKRecordModel.m */; };
		DEADB9611857394900C0CDF1 /* Activities.plist in Resources */ = {isa = PBXBuildFile; fileRef = DEADB9601857394900C0CDF1 /* Activities.plist */; };
		DEADB96718574FB300C0CDF1 /* EKActivity.m in Sources */ = {isa = PBXBuildFile; fileRef = DEADB96618574FB300C0CDF1 /* EKActivity.m */; };
		DEADB96A1857508000C0CDF1 /* EKActivityProvider.m in Sources */ = {isa = PBXBuildFile; fileRef = DEADB9691857508000C0CDF1 /* EKActivityProvider.m */; };
		DEADB9731857835800C0CDF1 /* EKAttributedStringUtil.m in Sources */ = {isa = PBXBuildFile; fileRef = DEADB9721857835800C0CDF1 /* EKAttributedStringUtil.m */; };
		DEBB0CD3185386C500302AC5 /* Foundation.framework in Frameworks */ = {isa = PBXBuildFile; fileRef = DEBB0CD2185386C500302AC5 /* Foundation.framework */; };
		DEBB0CD5185386C500302AC5 /* CoreGraphics.framework in Frameworks */ = {isa = PBXBuildFile; fileRef = DEBB0CD4185386C500302AC5 /* CoreGraphics.framework */; };
		DEBB0CD7185386C500302AC5 /* UIKit.framework in Frameworks */ = {isa = PBXBuildFile; fileRef = DEBB0CD6185386C500302AC5 /* UIKit.framework */; };
		DEBB0CD9185386C500302AC5 /* CoreData.framework in Frameworks */ = {isa = PBXBuildFile; fileRef = DEBB0CD8185386C500302AC5 /* CoreData.framework */; };
		DEBB0CDF185386C500302AC5 /* InfoPlist.strings in Resources */ = {isa = PBXBuildFile; fileRef = DEBB0CDD185386C500302AC5 /* InfoPlist.strings */; };
		DEBB0CE1185386C500302AC5 /* main.m in Sources */ = {isa = PBXBuildFile; fileRef = DEBB0CE0185386C500302AC5 /* main.m */; };
		DEBB0CEA185386C500302AC5 /* Images.xcassets in Resources */ = {isa = PBXBuildFile; fileRef = DEBB0CE9185386C500302AC5 /* Images.xcassets */; };
		DEBB0CF1185386C500302AC5 /* XCTest.framework in Frameworks */ = {isa = PBXBuildFile; fileRef = DEBB0CF0185386C500302AC5 /* XCTest.framework */; };
		DEBB0CF2185386C500302AC5 /* Foundation.framework in Frameworks */ = {isa = PBXBuildFile; fileRef = DEBB0CD2185386C500302AC5 /* Foundation.framework */; };
		DEBB0CF3185386C500302AC5 /* UIKit.framework in Frameworks */ = {isa = PBXBuildFile; fileRef = DEBB0CD6185386C500302AC5 /* UIKit.framework */; };
		DEBB0CF4185386C500302AC5 /* CoreData.framework in Frameworks */ = {isa = PBXBuildFile; fileRef = DEBB0CD8185386C500302AC5 /* CoreData.framework */; };
		DEBB0CFC185386C500302AC5 /* InfoPlist.strings in Resources */ = {isa = PBXBuildFile; fileRef = DEBB0CFA185386C500302AC5 /* InfoPlist.strings */; };
		DEBB0CFE185386C500302AC5 /* TrackMyTimeTests.m in Sources */ = {isa = PBXBuildFile; fileRef = DEBB0CFD185386C500302AC5 /* TrackMyTimeTests.m */; };
		DEBB0D0E18538F0700302AC5 /* EKAppDelegate.m in Sources */ = {isa = PBXBuildFile; fileRef = DEBB0D0A18538F0700302AC5 /* EKAppDelegate.m */; };
		DEBB0D111853914E00302AC5 /* TrackMyTime.xcdatamodeld in Sources */ = {isa = PBXBuildFile; fileRef = DEBB0D0F1853914E00302AC5 /* TrackMyTime.xcdatamodeld */; };
		DEBB0D14185394B900302AC5 /* EKMenuViewController.m in Sources */ = {isa = PBXBuildFile; fileRef = DEBB0D13185394B900302AC5 /* EKMenuViewController.m */; };
		DEBB0D1718539B3200302AC5 /* EKMenuView.m in Sources */ = {isa = PBXBuildFile; fileRef = DEBB0D1618539B3200302AC5 /* EKMenuView.m */; };
		DEBB0D1A18539CAF00302AC5 /* EKTimeTrackViewController.m in Sources */ = {isa = PBXBuildFile; fileRef = DEBB0D1918539CAF00302AC5 /* EKTimeTrackViewController.m */; };
		DEBB0D1D18539CD900302AC5 /* EKTimeTrackView.m in Sources */ = {isa = PBXBuildFile; fileRef = DEBB0D1C18539CD900302AC5 /* EKTimeTrackView.m */; };
		DEBB0D201853A12000302AC5 /* MMDrawerVisualStateManager.m in Sources */ = {isa = PBXBuildFile; fileRef = DEBB0D1F1853A12000302AC5 /* MMDrawerVisualStateManager.m */; };
		DEBB0D231853BCA100302AC5 /* EKCalendarViewController.m in Sources */ = {isa = PBXBuildFile; fileRef = DEBB0D221853BCA100302AC5 /* EKCalendarViewController.m */; };
		DEF6758A185904D90004DE79 /* EKCoreDataProvider.m in Sources */ = {isa = PBXBuildFile; fileRef = DEF67589185904D90004DE79 /* EKCoreDataProvider.m */; };
		DEF6758D18590FA00004DE79 /* Record.m in Sources */ = {isa = PBXBuildFile; fileRef = DEF6758C18590FA00004DE79 /* Record.m */; };
		DEF6759018590FA00004DE79 /* Date.m in Sources */ = {isa = PBXBuildFile; fileRef = DEF6758F18590FA00004DE79 /* Date.m */; };
		DEF67592185919E30004DE79 /* AudioToolbox.framework in Frameworks */ = {isa = PBXBuildFile; fileRef = DEF67591185919E30004DE79 /* AudioToolbox.framework */; };
		DEF67599185928680004DE79 /* EKSoundsProvider.m in Sources */ = {isa = PBXBuildFile; fileRef = DEF67598185928680004DE79 /* EKSoundsProvider.m */; };
/* End PBXBuildFile section */

/* Begin PBXContainerItemProxy section */
		DEBB0CF5185386C500302AC5 /* PBXContainerItemProxy */ = {
			isa = PBXContainerItemProxy;
			containerPortal = DEBB0CC7185386C500302AC5 /* Project object */;
			proxyType = 1;
			remoteGlobalIDString = DEBB0CCE185386C500302AC5;
			remoteInfo = TrackMyTime;
		};
/* End PBXContainerItemProxy section */

/* Begin PBXFileReference section */
		5305367EABEE49EFBB5BA677 /* libPods-TrackMyTime.a */ = {isa = PBXFileReference; explicitFileType = archive.ar; includeInIndex = 0; path = "libPods-TrackMyTime.a"; sourceTree = BUILT_PRODUCTS_DIR; };
		9F6F7AC625604AF09459E80B /* Pods-TrackMyTime.xcconfig */ = {isa = PBXFileReference; includeInIndex = 1; lastKnownFileType = text.xcconfig; name = "Pods-TrackMyTime.xcconfig"; path = "Pods/Pods-TrackMyTime.xcconfig"; sourceTree = "<group>"; };
		DE025E5F185C761100E806E9 /* NSDate-Utilities.h */ = {isa = PBXFileReference; fileEncoding = 4; lastKnownFileType = sourcecode.c.h; path = "NSDate-Utilities.h"; sourceTree = "<group>"; };
		DE025E60185C761A00E806E9 /* NSDate-Utilities.m */ = {isa = PBXFileReference; fileEncoding = 4; lastKnownFileType = sourcecode.c.objc; path = "NSDate-Utilities.m"; sourceTree = "<group>"; };
		DE025E62185C99DE00E806E9 /* EKChartViewController.h */ = {isa = PBXFileReference; fileEncoding = 4; lastKnownFileType = sourcecode.c.h; path = EKChartViewController.h; sourceTree = "<group>"; };
		DE025E63185C99DE00E806E9 /* EKChartViewController.m */ = {isa = PBXFileReference; fileEncoding = 4; lastKnownFileType = sourcecode.c.objc; path = EKChartViewController.m; sourceTree = "<group>"; };
		DE406C4F185521E5001CCB6C /* EKCalendarViewController.xib */ = {isa = PBXFileReference; fileEncoding = 4; lastKnownFileType = file.xib; path = EKCalendarViewController.xib; sourceTree = "<group>"; };
		DE40EBCF185E5AEB00F74ED7 /* NSString+TimeFormate.h */ = {isa = PBXFileReference; fileEncoding = 4; lastKnownFileType = sourcecode.c.h; path = "NSString+TimeFormate.h"; sourceTree = "<group>"; };
		DE40EBD0185E5AEB00F74ED7 /* NSString+TimeFormate.m */ = {isa = PBXFileReference; fileEncoding = 4; lastKnownFileType = sourcecode.c.objc; path = "NSString+TimeFormate.m"; sourceTree = "<group>"; };
		DE40EBD5185E69BB00F74ED7 /* UIColor+Expanded.h */ = {isa = PBXFileReference; fileEncoding = 4; lastKnownFileType = sourcecode.c.h; path = "UIColor+Expanded.h"; sourceTree = "<group>"; };
		DE40EBD6185E69C500F74ED7 /* UIColor+Expanded.m */ = {isa = PBXFileReference; fileEncoding = 4; lastKnownFileType = sourcecode.c.objc; path = "UIColor+Expanded.m"; sourceTree = "<group>"; };
		DE582929185BA3FB00645095 /* EKDateModel.h */ = {isa = PBXFileReference; fileEncoding = 4; lastKnownFileType = sourcecode.c.h; path = EKDateModel.h; sourceTree = "<group>"; };
		DE58292A185BA3FB00645095 /* EKDateModel.m */ = {isa = PBXFileReference; fileEncoding = 4; lastKnownFileType = sourcecode.c.objc; path = EKDateModel.m; sourceTree = "<group>"; };
		DE5EF320185D3D2300BA0AA4 /* EKChartView.h */ = {isa = PBXFileReference; fileEncoding = 4; lastKnownFileType = sourcecode.c.h; path = EKChartView.h; sourceTree = "<group>"; };
		DE5EF321185D3D2300BA0AA4 /* EKChartView.m */ = {isa = PBXFileReference; fileEncoding = 4; lastKnownFileType = sourcecode.c.objc; path = EKChartView.m; sourceTree = "<group>"; };
		DE87D2CF1859E9DE00B59EA3 /* error.png */ = {isa = PBXFileReference; lastKnownFileType = image.png; path = error.png; sourceTree = "<group>"; };
		DE87D2D01859E9DE00B59EA3 /* success.png */ = {isa = PBXFileReference; lastKnownFileType = image.png; path = success.png; sourceTree = "<group>"; };
		DE87D2D21859E9DE00B59EA3 /* reset.wav */ = {isa = PBXFileReference; lastKnownFileType = audio.wav; path = reset.wav; sourceTree = "<group>"; };
		DE87D2D31859E9DE00B59EA3 /* save.wav */ = {isa = PBXFileReference; lastKnownFileType = audio.wav; path = save.wav; sourceTree = "<group>"; };
		DE87D2D41859E9DE00B59EA3 /* start.wav */ = {isa = PBXFileReference; lastKnownFileType = audio.wav; path = start.wav; sourceTree = "<group>"; };
		DE87D2D51859E9DE00B59EA3 /* stop.wav */ = {isa = PBXFileReference; lastKnownFileType = audio.wav; path = stop.wav; sourceTree = "<group>"; };
		DE87D2DC185A1EA500B59EA3 /* EKRecordModel.h */ = {isa = PBXFileReference; fileEncoding = 4; lastKnownFileType = sourcecode.c.h; path = EKRecordModel.h; sourceTree = "<group>"; };
		DE87D2DD185A1EA500B59EA3 /* EKRecordModel.m */ = {isa = PBXFileReference; fileEncoding = 4; lastKnownFileType = sourcecode.c.objc; path = EKRecordModel.m; sourceTree = "<group>"; };
		DEADB9601857394900C0CDF1 /* Activities.plist */ = {isa = PBXFileReference; fileEncoding = 4; lastKnownFileType = text.plist.xml; path = Activities.plist; sourceTree = "<group>"; };
		DEADB96518574FB300C0CDF1 /* EKActivity.h */ = {isa = PBXFileReference; fileEncoding = 4; lastKnownFileType = sourcecode.c.h; path = EKActivity.h; sourceTree = "<group>"; };
		DEADB96618574FB300C0CDF1 /* EKActivity.m */ = {isa = PBXFileReference; fileEncoding = 4; lastKnownFileType = sourcecode.c.objc; path = EKActivity.m; sourceTree = "<group>"; };
		DEADB9681857508000C0CDF1 /* EKActivityProvider.h */ = {isa = PBXFileReference; fileEncoding = 4; lastKnownFileType = sourcecode.c.h; path = EKActivityProvider.h; sourceTree = "<group>"; };
		DEADB9691857508000C0CDF1 /* EKActivityProvider.m */ = {isa = PBXFileReference; fileEncoding = 4; lastKnownFileType = sourcecode.c.objc; path = EKActivityProvider.m; sourceTree = "<group>"; };
		DEADB9711857835800C0CDF1 /* EKAttributedStringUtil.h */ = {isa = PBXFileReference; fileEncoding = 4; lastKnownFileType = sourcecode.c.h; path = EKAttributedStringUtil.h; sourceTree = "<group>"; };
		DEADB9721857835800C0CDF1 /* EKAttributedStringUtil.m */ = {isa = PBXFileReference; fileEncoding = 4; lastKnownFileType = sourcecode.c.objc; path = EKAttributedStringUtil.m; sourceTree = "<group>"; };
		DEADBBAB1857E21B00C0CDF1 /* EKConstants.h */ = {isa = PBXFileReference; fileEncoding = 4; lastKnownFileType = sourcecode.c.h; path = EKConstants.h; sourceTree = "<group>"; };
		DEBB0CCF185386C500302AC5 /* TrackMyTime.app */ = {isa = PBXFileReference; explicitFileType = wrapper.application; includeInIndex = 0; path = TrackMyTime.app; sourceTree = BUILT_PRODUCTS_DIR; };
		DEBB0CD2185386C500302AC5 /* Foundation.framework */ = {isa = PBXFileReference; lastKnownFileType = wrapper.framework; name = Foundation.framework; path = System/Library/Frameworks/Foundation.framework; sourceTree = SDKROOT; };
		DEBB0CD4185386C500302AC5 /* CoreGraphics.framework */ = {isa = PBXFileReference; lastKnownFileType = wrapper.framework; name = CoreGraphics.framework; path = System/Library/Frameworks/CoreGraphics.framework; sourceTree = SDKROOT; };
		DEBB0CD6185386C500302AC5 /* UIKit.framework */ = {isa = PBXFileReference; lastKnownFileType = wrapper.framework; name = UIKit.framework; path = System/Library/Frameworks/UIKit.framework; sourceTree = SDKROOT; };
		DEBB0CD8185386C500302AC5 /* CoreData.framework */ = {isa = PBXFileReference; lastKnownFileType = wrapper.framework; name = CoreData.framework; path = System/Library/Frameworks/CoreData.framework; sourceTree = SDKROOT; };
		DEBB0CDC185386C500302AC5 /* TrackMyTime-Info.plist */ = {isa = PBXFileReference; lastKnownFileType = text.plist.xml; path = "TrackMyTime-Info.plist"; sourceTree = "<group>"; };
		DEBB0CDE185386C500302AC5 /* en */ = {isa = PBXFileReference; lastKnownFileType = text.plist.strings; name = en; path = en.lproj/InfoPlist.strings; sourceTree = "<group>"; };
		DEBB0CE0185386C500302AC5 /* main.m */ = {isa = PBXFileReference; lastKnownFileType = sourcecode.c.objc; path = main.m; sourceTree = "<group>"; };
		DEBB0CE2185386C500302AC5 /* TrackMyTime-Prefix.pch */ = {isa = PBXFileReference; lastKnownFileType = sourcecode.c.h; path = "TrackMyTime-Prefix.pch"; sourceTree = "<group>"; };
		DEBB0CE9185386C500302AC5 /* Images.xcassets */ = {isa = PBXFileReference; lastKnownFileType = folder.assetcatalog; path = Images.xcassets; sourceTree = "<group>"; };
		DEBB0CEF185386C500302AC5 /* TrackMyTimeTests.xctest */ = {isa = PBXFileReference; explicitFileType = wrapper.cfbundle; includeInIndex = 0; path = TrackMyTimeTests.xctest; sourceTree = BUILT_PRODUCTS_DIR; };
		DEBB0CF0185386C500302AC5 /* XCTest.framework */ = {isa = PBXFileReference; lastKnownFileType = wrapper.framework; name = XCTest.framework; path = Library/Frameworks/XCTest.framework; sourceTree = DEVELOPER_DIR; };
		DEBB0CF9185386C500302AC5 /* TrackMyTimeTests-Info.plist */ = {isa = PBXFileReference; lastKnownFileType = text.plist.xml; path = "TrackMyTimeTests-Info.plist"; sourceTree = "<group>"; };
		DEBB0CFB185386C500302AC5 /* en */ = {isa = PBXFileReference; lastKnownFileType = text.plist.strings; name = en; path = en.lproj/InfoPlist.strings; sourceTree = "<group>"; };
		DEBB0CFD185386C500302AC5 /* TrackMyTimeTests.m */ = {isa = PBXFileReference; lastKnownFileType = sourcecode.c.objc; path = TrackMyTimeTests.m; sourceTree = "<group>"; };
		DEBB0D0918538F0700302AC5 /* EKAppDelegate.h */ = {isa = PBXFileReference; fileEncoding = 4; lastKnownFileType = sourcecode.c.h; path = EKAppDelegate.h; sourceTree = "<group>"; };
		DEBB0D0A18538F0700302AC5 /* EKAppDelegate.m */ = {isa = PBXFileReference; fileEncoding = 4; lastKnownFileType = sourcecode.c.objc; path = EKAppDelegate.m; sourceTree = "<group>"; };
		DEBB0D101853914E00302AC5 /* TrackMyTime.xcdatamodel */ = {isa = PBXFileReference; lastKnownFileType = wrapper.xcdatamodel; path = TrackMyTime.xcdatamodel; sourceTree = "<group>"; };
		DEBB0D12185394B900302AC5 /* EKMenuViewController.h */ = {isa = PBXFileReference; fileEncoding = 4; lastKnownFileType = sourcecode.c.h; path = EKMenuViewController.h; sourceTree = "<group>"; };
		DEBB0D13185394B900302AC5 /* EKMenuViewController.m */ = {isa = PBXFileReference; fileEncoding = 4; lastKnownFileType = sourcecode.c.objc; path = EKMenuViewController.m; sourceTree = "<group>"; };
		DEBB0D1518539B3200302AC5 /* EKMenuView.h */ = {isa = PBXFileReference; fileEncoding = 4; lastKnownFileType = sourcecode.c.h; path = EKMenuView.h; sourceTree = "<group>"; };
		DEBB0D1618539B3200302AC5 /* EKMenuView.m */ = {isa = PBXFileReference; fileEncoding = 4; lastKnownFileType = sourcecode.c.objc; path = EKMenuView.m; sourceTree = "<group>"; };
		DEBB0D1818539CAF00302AC5 /* EKTimeTrackViewController.h */ = {isa = PBXFileReference; fileEncoding = 4; lastKnownFileType = sourcecode.c.h; path = EKTimeTrackViewController.h; sourceTree = "<group>"; };
		DEBB0D1918539CAF00302AC5 /* EKTimeTrackViewController.m */ = {isa = PBXFileReference; fileEncoding = 4; lastKnownFileType = sourcecode.c.objc; path = EKTimeTrackViewController.m; sourceTree = "<group>"; };
		DEBB0D1B18539CD900302AC5 /* EKTimeTrackView.h */ = {isa = PBXFileReference; fileEncoding = 4; lastKnownFileType = sourcecode.c.h; path = EKTimeTrackView.h; sourceTree = "<group>"; };
		DEBB0D1C18539CD900302AC5 /* EKTimeTrackView.m */ = {isa = PBXFileReference; fileEncoding = 4; lastKnownFileType = sourcecode.c.objc; path = EKTimeTrackView.m; sourceTree = "<group>"; };
		DEBB0D1E1853A12000302AC5 /* MMDrawerVisualStateManager.h */ = {isa = PBXFileReference; fileEncoding = 4; lastKnownFileType = sourcecode.c.h; path = MMDrawerVisualStateManager.h; sourceTree = "<group>"; };
		DEBB0D1F1853A12000302AC5 /* MMDrawerVisualStateManager.m */ = {isa = PBXFileReference; fileEncoding = 4; lastKnownFileType = sourcecode.c.objc; path = MMDrawerVisualStateManager.m; sourceTree = "<group>"; };
		DEBB0D211853BCA100302AC5 /* EKCalendarViewController.h */ = {isa = PBXFileReference; fileEncoding = 4; lastKnownFileType = sourcecode.c.h; path = EKCalendarViewController.h; sourceTree = "<group>"; };
		DEBB0D221853BCA100302AC5 /* EKCalendarViewController.m */ = {isa = PBXFileReference; fileEncoding = 4; lastKnownFileType = sourcecode.c.objc; path = EKCalendarViewController.m; sourceTree = "<group>"; };
		DEF67588185904D90004DE79 /* EKCoreDataProvider.h */ = {isa = PBXFileReference; fileEncoding = 4; lastKnownFileType = sourcecode.c.h; path = EKCoreDataProvider.h; sourceTree = "<group>"; };
		DEF67589185904D90004DE79 /* EKCoreDataProvider.m */ = {isa = PBXFileReference; fileEncoding = 4; lastKnownFileType = sourcecode.c.objc; path = EKCoreDataProvider.m; sourceTree = "<group>"; };
		DEF6758B18590FA00004DE79 /* Record.h */ = {isa = PBXFileReference; fileEncoding = 4; lastKnownFileType = sourcecode.c.h; path = Record.h; sourceTree = "<group>"; };
		DEF6758C18590FA00004DE79 /* Record.m */ = {isa = PBXFileReference; fileEncoding = 4; lastKnownFileType = sourcecode.c.objc; path = Record.m; sourceTree = "<group>"; };
		DEF6758E18590FA00004DE79 /* Date.h */ = {isa = PBXFileReference; fileEncoding = 4; lastKnownFileType = sourcecode.c.h; path = Date.h; sourceTree = "<group>"; };
		DEF6758F18590FA00004DE79 /* Date.m */ = {isa = PBXFileReference; fileEncoding = 4; lastKnownFileType = sourcecode.c.objc; path = Date.m; sourceTree = "<group>"; };
		DEF67591185919E30004DE79 /* AudioToolbox.framework */ = {isa = PBXFileReference; lastKnownFileType = wrapper.framework; name = AudioToolbox.framework; path = System/Library/Frameworks/AudioToolbox.framework; sourceTree = SDKROOT; };
		DEF67597185928680004DE79 /* EKSoundsProvider.h */ = {isa = PBXFileReference; fileEncoding = 4; lastKnownFileType = sourcecode.c.h; path = EKSoundsProvider.h; sourceTree = "<group>"; };
		DEF67598185928680004DE79 /* EKSoundsProvider.m */ = {isa = PBXFileReference; fileEncoding = 4; lastKnownFileType = sourcecode.c.objc; path = EKSoundsProvider.m; sourceTree = "<group>"; };
/* End PBXFileReference section */

/* Begin PBXFrameworksBuildPhase section */
		DEBB0CCC185386C500302AC5 /* Frameworks */ = {
			isa = PBXFrameworksBuildPhase;
			buildActionMask = 2147483647;
			files = (
				DEF67592185919E30004DE79 /* AudioToolbox.framework in Frameworks */,
				DEBB0CD5185386C500302AC5 /* CoreGraphics.framework in Frameworks */,
				DEBB0CD9185386C500302AC5 /* CoreData.framework in Frameworks */,
				DEBB0CD7185386C500302AC5 /* UIKit.framework in Frameworks */,
				DEBB0CD3185386C500302AC5 /* Foundation.framework in Frameworks */,
				0B5EA477348744478E783F15 /* libPods-TrackMyTime.a in Frameworks */,
			);
			runOnlyForDeploymentPostprocessing = 0;
		};
		DEBB0CEC185386C500302AC5 /* Frameworks */ = {
			isa = PBXFrameworksBuildPhase;
			buildActionMask = 2147483647;
			files = (
				DEBB0CF1185386C500302AC5 /* XCTest.framework in Frameworks */,
				DEBB0CF4185386C500302AC5 /* CoreData.framework in Frameworks */,
				DEBB0CF3185386C500302AC5 /* UIKit.framework in Frameworks */,
				DEBB0CF2185386C500302AC5 /* Foundation.framework in Frameworks */,
			);
			runOnlyForDeploymentPostprocessing = 0;
		};
/* End PBXFrameworksBuildPhase section */

/* Begin PBXGroup section */
		DE87D2CD1859E9DE00B59EA3 /* Resources */ = {
			isa = PBXGroup;
			children = (
				DE87D2CE1859E9DE00B59EA3 /* Images */,
				DE87D2D11859E9DE00B59EA3 /* Sounds */,
			);
			path = Resources;
			sourceTree = "<group>";
		};
		DE87D2CE1859E9DE00B59EA3 /* Images */ = {
			isa = PBXGroup;
			children = (
				DE87D2CF1859E9DE00B59EA3 /* error.png */,
				DE87D2D01859E9DE00B59EA3 /* success.png */,
			);
			path = Images;
			sourceTree = "<group>";
		};
		DE87D2D11859E9DE00B59EA3 /* Sounds */ = {
			isa = PBXGroup;
			children = (
				DE87D2D21859E9DE00B59EA3 /* reset.wav */,
				DE87D2D31859E9DE00B59EA3 /* save.wav */,
				DE87D2D41859E9DE00B59EA3 /* start.wav */,
				DE87D2D51859E9DE00B59EA3 /* stop.wav */,
			);
			path = Sounds;
			sourceTree = "<group>";
		};
		DEBB0CC6185386C500302AC5 = {
			isa = PBXGroup;
			children = (
				DEBB0CDA185386C500302AC5 /* TrackMyTime */,
				DEBB0CF7185386C500302AC5 /* TrackMyTimeTests */,
				DEBB0CD1185386C500302AC5 /* Frameworks */,
				DEBB0CD0185386C500302AC5 /* Products */,
				9F6F7AC625604AF09459E80B /* Pods-TrackMyTime.xcconfig */,
			);
			sourceTree = "<group>";
		};
		DEBB0CD0185386C500302AC5 /* Products */ = {
			isa = PBXGroup;
			children = (
				DEBB0CCF185386C500302AC5 /* TrackMyTime.app */,
				DEBB0CEF185386C500302AC5 /* TrackMyTimeTests.xctest */,
			);
			name = Products;
			sourceTree = "<group>";
		};
		DEBB0CD1185386C500302AC5 /* Frameworks */ = {
			isa = PBXGroup;
			children = (
				DEF67591185919E30004DE79 /* AudioToolbox.framework */,
				DEBB0CD2185386C500302AC5 /* Foundation.framework */,
				DEBB0CD4185386C500302AC5 /* CoreGraphics.framework */,
				DEBB0CD6185386C500302AC5 /* UIKit.framework */,
				DEBB0CD8185386C500302AC5 /* CoreData.framework */,
				DEBB0CF0185386C500302AC5 /* XCTest.framework */,
				5305367EABEE49EFBB5BA677 /* libPods-TrackMyTime.a */,
			);
			name = Frameworks;
			sourceTree = "<group>";
		};
		DEBB0CDA185386C500302AC5 /* TrackMyTime */ = {
			isa = PBXGroup;
			children = (
				DEBB0D0718538F0700302AC5 /* Classes */,
				DEBB0CE9185386C500302AC5 /* Images.xcassets */,
				DE87D2CD1859E9DE00B59EA3 /* Resources */,
				DEBB0CDB185386C500302AC5 /* Supporting Files */,
			);
			path = TrackMyTime;
			sourceTree = "<group>";
		};
		DEBB0CDB185386C500302AC5 /* Supporting Files */ = {
			isa = PBXGroup;
			children = (
				DEBB0CDC185386C500302AC5 /* TrackMyTime-Info.plist */,
				DEBB0CDD185386C500302AC5 /* InfoPlist.strings */,
				DEBB0CE0185386C500302AC5 /* main.m */,
				DEBB0CE2185386C500302AC5 /* TrackMyTime-Prefix.pch */,
			);
			name = "Supporting Files";
			sourceTree = "<group>";
		};
		DEBB0CF7185386C500302AC5 /* TrackMyTimeTests */ = {
			isa = PBXGroup;
			children = (
				DEBB0CFD185386C500302AC5 /* TrackMyTimeTests.m */,
				DEBB0CF8185386C500302AC5 /* Supporting Files */,
			);
			path = TrackMyTimeTests;
			sourceTree = "<group>";
		};
		DEBB0CF8185386C500302AC5 /* Supporting Files */ = {
			isa = PBXGroup;
			children = (
				DEBB0CF9185386C500302AC5 /* TrackMyTimeTests-Info.plist */,
				DEBB0CFA185386C500302AC5 /* InfoPlist.strings */,
			);
			name = "Supporting Files";
			sourceTree = "<group>";
		};
		DEBB0D0718538F0700302AC5 /* Classes */ = {
			isa = PBXGroup;
			children = (
				DEBB0D0918538F0700302AC5 /* EKAppDelegate.h */,
				DEBB0D0A18538F0700302AC5 /* EKAppDelegate.m */,
				DEBB0D0818538F0700302AC5 /* Controllers */,
				DEBB0D0B18538F0700302AC5 /* Helpers */,
				DEBB0D0C18538F0700302AC5 /* Models */,
				DEBB0D0D18538F0700302AC5 /* Views */,
			);
			path = Classes;
			sourceTree = "<group>";
		};
		DEBB0D0818538F0700302AC5 /* Controllers */ = {
			isa = PBXGroup;
			children = (
				DEBB0D12185394B900302AC5 /* EKMenuViewController.h */,
				DEBB0D13185394B900302AC5 /* EKMenuViewController.m */,
				DEBB0D1818539CAF00302AC5 /* EKTimeTrackViewController.h */,
				DEBB0D1918539CAF00302AC5 /* EKTimeTrackViewController.m */,
				DEBB0D211853BCA100302AC5 /* EKCalendarViewController.h */,
				DEBB0D221853BCA100302AC5 /* EKCalendarViewController.m */,
				DE406C4F185521E5001CCB6C /* EKCalendarViewController.xib */,
				DE025E62185C99DE00E806E9 /* EKChartViewController.h */,
				DE025E63185C99DE00E806E9 /* EKChartViewController.m */,
			);
			path = Controllers;
			sourceTree = "<group>";
		};
		DEBB0D0B18538F0700302AC5 /* Helpers */ = {
			isa = PBXGroup;
			children = (
				DE025E5F185C761100E806E9 /* NSDate-Utilities.h */,
				DE025E60185C761A00E806E9 /* NSDate-Utilities.m */,
				DEADB9711857835800C0CDF1 /* EKAttributedStringUtil.h */,
				DEADB9721857835800C0CDF1 /* EKAttributedStringUtil.m */,
				DEBB0D1E1853A12000302AC5 /* MMDrawerVisualStateManager.h */,
				DEBB0D1F1853A12000302AC5 /* MMDrawerVisualStateManager.m */,
				DEADB9681857508000C0CDF1 /* EKActivityProvider.h */,
				DEADB9691857508000C0CDF1 /* EKActivityProvider.m */,
				DEADBBAB1857E21B00C0CDF1 /* EKConstants.h */,
				DEF67588185904D90004DE79 /* EKCoreDataProvider.h */,
				DEF67589185904D90004DE79 /* EKCoreDataProvider.m */,
				DEF67597185928680004DE79 /* EKSoundsProvider.h */,
				DEF67598185928680004DE79 /* EKSoundsProvider.m */,
				DE40EBCF185E5AEB00F74ED7 /* NSString+TimeFormate.h */,
				DE40EBD0185E5AEB00F74ED7 /* NSString+TimeFormate.m */,
				DE40EBD5185E69BB00F74ED7 /* UIColor+Expanded.h */,
				DE40EBD6185E69C500F74ED7 /* UIColor+Expanded.m */,
			);
			path = Helpers;
			sourceTree = "<group>";
		};
		DEBB0D0C18538F0700302AC5 /* Models */ = {
			isa = PBXGroup;
			children = (
				DEBB0D0F1853914E00302AC5 /* TrackMyTime.xcdatamodeld */,
				DEF6758E18590FA00004DE79 /* Date.h */,
				DEF6758F18590FA00004DE79 /* Date.m */,
				DEF6758B18590FA00004DE79 /* Record.h */,
				DEF6758C18590FA00004DE79 /* Record.m */,
				DEADB9601857394900C0CDF1 /* Activities.plist */,
				DEADB96518574FB300C0CDF1 /* EKActivity.h */,
				DEADB96618574FB300C0CDF1 /* EKActivity.m */,
				DE87D2DC185A1EA500B59EA3 /* EKRecordModel.h */,
				DE87D2DD185A1EA500B59EA3 /* EKRecordModel.m */,
				DE582929185BA3FB00645095 /* EKDateModel.h */,
				DE58292A185BA3FB00645095 /* EKDateModel.m */,
			);
			path = Models;
			sourceTree = "<group>";
		};
		DEBB0D0D18538F0700302AC5 /* Views */ = {
			isa = PBXGroup;
			children = (
				DEBB0D1518539B3200302AC5 /* EKMenuView.h */,
				DEBB0D1618539B3200302AC5 /* EKMenuView.m */,
				DEBB0D1B18539CD900302AC5 /* EKTimeTrackView.h */,
				DEBB0D1C18539CD900302AC5 /* EKTimeTrackView.m */,
				DE5EF320185D3D2300BA0AA4 /* EKChartView.h */,
				DE5EF321185D3D2300BA0AA4 /* EKChartView.m */,
			);
			path = Views;
			sourceTree = "<group>";
		};
/* End PBXGroup section */

/* Begin PBXNativeTarget section */
		DEBB0CCE185386C500302AC5 /* TrackMyTime */ = {
			isa = PBXNativeTarget;
			buildConfigurationList = DEBB0D01185386C500302AC5 /* Build configuration list for PBXNativeTarget "TrackMyTime" */;
			buildPhases = (
				A70D209098774C81ABE17173 /* Check Pods Manifest.lock */,
				DEBB0CCB185386C500302AC5 /* Sources */,
				DEBB0CCC185386C500302AC5 /* Frameworks */,
				DEBB0CCD185386C500302AC5 /* Resources */,
				E0E6021A80E74DA4A78C4A38 /* Copy Pods Resources */,
			);
			buildRules = (
			);
			dependencies = (
			);
			name = TrackMyTime;
			productName = TrackMyTime;
			productReference = DEBB0CCF185386C500302AC5 /* TrackMyTime.app */;
			productType = "com.apple.product-type.application";
		};
		DEBB0CEE185386C500302AC5 /* TrackMyTimeTests */ = {
			isa = PBXNativeTarget;
			buildConfigurationList = DEBB0D04185386C500302AC5 /* Build configuration list for PBXNativeTarget "TrackMyTimeTests" */;
			buildPhases = (
				DEBB0CEB185386C500302AC5 /* Sources */,
				DEBB0CEC185386C500302AC5 /* Frameworks */,
				DEBB0CED185386C500302AC5 /* Resources */,
			);
			buildRules = (
			);
			dependencies = (
				DEBB0CF6185386C500302AC5 /* PBXTargetDependency */,
			);
			name = TrackMyTimeTests;
			productName = TrackMyTimeTests;
			productReference = DEBB0CEF185386C500302AC5 /* TrackMyTimeTests.xctest */;
			productType = "com.apple.product-type.bundle.unit-test";
		};
/* End PBXNativeTarget section */

/* Begin PBXProject section */
		DEBB0CC7185386C500302AC5 /* Project object */ = {
			isa = PBXProject;
			attributes = {
				CLASSPREFIX = EK;
				LastUpgradeCheck = 0500;
				ORGANIZATIONNAME = EvgenyKarkan;
				TargetAttributes = {
					DEBB0CEE185386C500302AC5 = {
						TestTargetID = DEBB0CCE185386C500302AC5;
					};
				};
			};
			buildConfigurationList = DEBB0CCA185386C500302AC5 /* Build configuration list for PBXProject "TrackMyTime" */;
			compatibilityVersion = "Xcode 3.2";
			developmentRegion = English;
			hasScannedForEncodings = 0;
			knownRegions = (
				en,
			);
			mainGroup = DEBB0CC6185386C500302AC5;
			productRefGroup = DEBB0CD0185386C500302AC5 /* Products */;
			projectDirPath = "";
			projectRoot = "";
			targets = (
				DEBB0CCE185386C500302AC5 /* TrackMyTime */,
				DEBB0CEE185386C500302AC5 /* TrackMyTimeTests */,
			);
		};
/* End PBXProject section */

/* Begin PBXResourcesBuildPhase section */
		DEBB0CCD185386C500302AC5 /* Resources */ = {
			isa = PBXResourcesBuildPhase;
			buildActionMask = 2147483647;
			files = (
				DE87D2DB1859E9DE00B59EA3 /* stop.wav in Resources */,
				DEADB9611857394900C0CDF1 /* Activities.plist in Resources */,
				DE87D2DA1859E9DE00B59EA3 /* start.wav in Resources */,
				DE406C50185521E5001CCB6C /* EKCalendarViewController.xib in Resources */,
				DEBB0CDF185386C500302AC5 /* InfoPlist.strings in Resources */,
				DE87D2D91859E9DE00B59EA3 /* save.wav in Resources */,
				DE87D2D71859E9DE00B59EA3 /* success.png in Resources */,
				DEBB0CEA185386C500302AC5 /* Images.xcassets in Resources */,
				DE87D2D81859E9DE00B59EA3 /* reset.wav in Resources */,
				DE87D2D61859E9DE00B59EA3 /* error.png in Resources */,
			);
			runOnlyForDeploymentPostprocessing = 0;
		};
		DEBB0CED185386C500302AC5 /* Resources */ = {
			isa = PBXResourcesBuildPhase;
			buildActionMask = 2147483647;
			files = (
				DEBB0CFC185386C500302AC5 /* InfoPlist.strings in Resources */,
			);
			runOnlyForDeploymentPostprocessing = 0;
		};
/* End PBXResourcesBuildPhase section */

/* Begin PBXShellScriptBuildPhase section */
		A70D209098774C81ABE17173 /* Check Pods Manifest.lock */ = {
			isa = PBXShellScriptBuildPhase;
			buildActionMask = 2147483647;
			files = (
			);
			inputPaths = (
			);
			name = "Check Pods Manifest.lock";
			outputPaths = (
			);
			runOnlyForDeploymentPostprocessing = 0;
			shellPath = /bin/sh;
			shellScript = "diff \"${PODS_ROOT}/../Podfile.lock\" \"${PODS_ROOT}/Manifest.lock\" > /dev/null\nif [[ $? != 0 ]] ; then\n    cat << EOM\nerror: The sandbox is not in sync with the Podfile.lock. Run 'pod install' or update your CocoaPods installation.\nEOM\n    exit 1\nfi\n";
			showEnvVarsInLog = 0;
		};
		E0E6021A80E74DA4A78C4A38 /* Copy Pods Resources */ = {
			isa = PBXShellScriptBuildPhase;
			buildActionMask = 2147483647;
			files = (
			);
			inputPaths = (
			);
			name = "Copy Pods Resources";
			outputPaths = (
			);
			runOnlyForDeploymentPostprocessing = 0;
			shellPath = /bin/sh;
			shellScript = "\"${SRCROOT}/Pods/Pods-TrackMyTime-resources.sh\"\n";
			showEnvVarsInLog = 0;
		};
/* End PBXShellScriptBuildPhase section */

/* Begin PBXSourcesBuildPhase section */
		DEBB0CCB185386C500302AC5 /* Sources */ = {
			isa = PBXSourcesBuildPhase;
			buildActionMask = 2147483647;
			files = (
				DEBB0CE1185386C500302AC5 /* main.m in Sources */,
				DEBB0D201853A12000302AC5 /* MMDrawerVisualStateManager.m in Sources */,
				DEF6758D18590FA00004DE79 /* Record.m in Sources */,
				DE40EBD1185E5AEB00F74ED7 /* NSString+TimeFormate.m in Sources */,
				DE025E61185C761A00E806E9 /* NSDate-Utilities.m in Sources */,
				DEBB0D1D18539CD900302AC5 /* EKTimeTrackView.m in Sources */,
				DEF67599185928680004DE79 /* EKSoundsProvider.m in Sources */,
				DEBB0D1A18539CAF00302AC5 /* EKTimeTrackViewController.m in Sources */,
				DEADB9731857835800C0CDF1 /* EKAttributedStringUtil.m in Sources */,
				DEF6758A185904D90004DE79 /* EKCoreDataProvider.m in Sources */,
				DEBB0D14185394B900302AC5 /* EKMenuViewController.m in Sources */,
				DE87D2DE185A1EA500B59EA3 /* EKRecordModel.m in Sources */,
				DEBB0D231853BCA100302AC5 /* EKCalendarViewController.m in Sources */,
				DEADB96A1857508000C0CDF1 /* EKActivityProvider.m in Sources */,
				DEF6759018590FA00004DE79 /* Date.m in Sources */,
				DE5EF322185D3D2300BA0AA4 /* EKChartView.m in Sources */,
				DE40EBD7185E69C500F74ED7 /* UIColor+Expanded.m in Sources */,
				DE58292B185BA3FB00645095 /* EKDateModel.m in Sources */,
				DEADB96718574FB300C0CDF1 /* EKActivity.m in Sources */,
				DEBB0D111853914E00302AC5 /* TrackMyTime.xcdatamodeld in Sources */,
				DEBB0D1718539B3200302AC5 /* EKMenuView.m in Sources */,
				DEBB0D0E18538F0700302AC5 /* EKAppDelegate.m in Sources */,
				DE025E64185C99DE00E806E9 /* EKChartViewController.m in Sources */,
			);
			runOnlyForDeploymentPostprocessing = 0;
		};
		DEBB0CEB185386C500302AC5 /* Sources */ = {
			isa = PBXSourcesBuildPhase;
			buildActionMask = 2147483647;
			files = (
				DEBB0CFE185386C500302AC5 /* TrackMyTimeTests.m in Sources */,
			);
			runOnlyForDeploymentPostprocessing = 0;
		};
/* End PBXSourcesBuildPhase section */

/* Begin PBXTargetDependency section */
		DEBB0CF6185386C500302AC5 /* PBXTargetDependency */ = {
			isa = PBXTargetDependency;
			target = DEBB0CCE185386C500302AC5 /* TrackMyTime */;
			targetProxy = DEBB0CF5185386C500302AC5 /* PBXContainerItemProxy */;
		};
/* End PBXTargetDependency section */

/* Begin PBXVariantGroup section */
		DEBB0CDD185386C500302AC5 /* InfoPlist.strings */ = {
			isa = PBXVariantGroup;
			children = (
				DEBB0CDE185386C500302AC5 /* en */,
			);
			name = InfoPlist.strings;
			sourceTree = "<group>";
		};
		DEBB0CFA185386C500302AC5 /* InfoPlist.strings */ = {
			isa = PBXVariantGroup;
			children = (
				DEBB0CFB185386C500302AC5 /* en */,
			);
			name = InfoPlist.strings;
			sourceTree = "<group>";
		};
/* End PBXVariantGroup section */

/* Begin XCBuildConfiguration section */
		DEBB0CFF185386C500302AC5 /* Debug */ = {
			isa = XCBuildConfiguration;
			buildSettings = {
				ALWAYS_SEARCH_USER_PATHS = NO;
				ARCHS = "$(ARCHS_STANDARD_INCLUDING_64_BIT)";
				CLANG_CXX_LANGUAGE_STANDARD = "gnu++0x";
				CLANG_CXX_LIBRARY = "libc++";
				CLANG_ENABLE_MODULES = YES;
				CLANG_ENABLE_OBJC_ARC = YES;
				CLANG_WARN_BOOL_CONVERSION = YES;
				CLANG_WARN_CONSTANT_CONVERSION = YES;
				CLANG_WARN_DIRECT_OBJC_ISA_USAGE = YES_ERROR;
				CLANG_WARN_EMPTY_BODY = YES;
				CLANG_WARN_ENUM_CONVERSION = YES;
				CLANG_WARN_INT_CONVERSION = YES;
				CLANG_WARN_OBJC_ROOT_CLASS = YES_ERROR;
				CLANG_WARN__DUPLICATE_METHOD_MATCH = YES;
				"CODE_SIGN_IDENTITY[sdk=iphoneos*]" = "iPhone Developer";
				COPY_PHASE_STRIP = NO;
				GCC_C_LANGUAGE_STANDARD = gnu99;
				GCC_DYNAMIC_NO_PIC = NO;
				GCC_OPTIMIZATION_LEVEL = 0;
				GCC_PREPROCESSOR_DEFINITIONS = (
					"DEBUG=1",
					"$(inherited)",
				);
				GCC_SYMBOLS_PRIVATE_EXTERN = NO;
				GCC_WARN_64_TO_32_BIT_CONVERSION = YES;
				GCC_WARN_ABOUT_RETURN_TYPE = YES_ERROR;
				GCC_WARN_UNDECLARED_SELECTOR = YES;
				GCC_WARN_UNINITIALIZED_AUTOS = YES;
				GCC_WARN_UNUSED_FUNCTION = YES;
				GCC_WARN_UNUSED_VARIABLE = YES;
				IPHONEOS_DEPLOYMENT_TARGET = 7.0;
				ONLY_ACTIVE_ARCH = YES;
				SDKROOT = iphoneos;
			};
			name = Debug;
		};
		DEBB0D00185386C500302AC5 /* Release */ = {
			isa = XCBuildConfiguration;
			buildSettings = {
				ALWAYS_SEARCH_USER_PATHS = NO;
				ARCHS = "$(ARCHS_STANDARD_INCLUDING_64_BIT)";
				CLANG_CXX_LANGUAGE_STANDARD = "gnu++0x";
				CLANG_CXX_LIBRARY = "libc++";
				CLANG_ENABLE_MODULES = YES;
				CLANG_ENABLE_OBJC_ARC = YES;
				CLANG_WARN_BOOL_CONVERSION = YES;
				CLANG_WARN_CONSTANT_CONVERSION = YES;
				CLANG_WARN_DIRECT_OBJC_ISA_USAGE = YES_ERROR;
				CLANG_WARN_EMPTY_BODY = YES;
				CLANG_WARN_ENUM_CONVERSION = YES;
				CLANG_WARN_INT_CONVERSION = YES;
				CLANG_WARN_OBJC_ROOT_CLASS = YES_ERROR;
				CLANG_WARN__DUPLICATE_METHOD_MATCH = YES;
				"CODE_SIGN_IDENTITY[sdk=iphoneos*]" = "iPhone Developer";
				COPY_PHASE_STRIP = YES;
				ENABLE_NS_ASSERTIONS = NO;
				GCC_C_LANGUAGE_STANDARD = gnu99;
				GCC_WARN_64_TO_32_BIT_CONVERSION = YES;
				GCC_WARN_ABOUT_RETURN_TYPE = YES_ERROR;
				GCC_WARN_UNDECLARED_SELECTOR = YES;
				GCC_WARN_UNINITIALIZED_AUTOS = YES;
				GCC_WARN_UNUSED_FUNCTION = YES;
				GCC_WARN_UNUSED_VARIABLE = YES;
				IPHONEOS_DEPLOYMENT_TARGET = 7.0;
				SDKROOT = iphoneos;
				VALIDATE_PRODUCT = YES;
			};
			name = Release;
		};
		DEBB0D02185386C500302AC5 /* Debug */ = {
			isa = XCBuildConfiguration;
			baseConfigurationReference = 9F6F7AC625604AF09459E80B /* Pods-TrackMyTime.xcconfig */;
			buildSettings = {
				ASSETCATALOG_COMPILER_APPICON_NAME = AppIcon;
				ASSETCATALOG_COMPILER_LAUNCHIMAGE_NAME = LaunchImage;
				GCC_PRECOMPILE_PREFIX_HEADER = YES;
				GCC_PREFIX_HEADER = "TrackMyTime/TrackMyTime-Prefix.pch";
				INFOPLIST_FILE = "TrackMyTime/TrackMyTime-Info.plist";
				PRODUCT_NAME = "$(TARGET_NAME)";
				WRAPPER_EXTENSION = app;
			};
			name = Debug;
		};
		DEBB0D03185386C500302AC5 /* Release */ = {
			isa = XCBuildConfiguration;
			baseConfigurationReference = 9F6F7AC625604AF09459E80B /* Pods-TrackMyTime.xcconfig */;
			buildSettings = {
				ASSETCATALOG_COMPILER_APPICON_NAME = AppIcon;
				ASSETCATALOG_COMPILER_LAUNCHIMAGE_NAME = LaunchImage;
				GCC_PRECOMPILE_PREFIX_HEADER = YES;
				GCC_PREFIX_HEADER = "TrackMyTime/TrackMyTime-Prefix.pch";
				INFOPLIST_FILE = "TrackMyTime/TrackMyTime-Info.plist";
				PRODUCT_NAME = "$(TARGET_NAME)";
				WRAPPER_EXTENSION = app;
			};
			name = Release;
		};
		DEBB0D05185386C500302AC5 /* Debug */ = {
			isa = XCBuildConfiguration;
			buildSettings = {
				ARCHS = "$(ARCHS_STANDARD_INCLUDING_64_BIT)";
				BUNDLE_LOADER = "$(BUILT_PRODUCTS_DIR)/TrackMyTime.app/TrackMyTime";
				FRAMEWORK_SEARCH_PATHS = (
					"$(SDKROOT)/Developer/Library/Frameworks",
					"$(inherited)",
					"$(DEVELOPER_FRAMEWORKS_DIR)",
				);
				GCC_PRECOMPILE_PREFIX_HEADER = YES;
				GCC_PREFIX_HEADER = "TrackMyTime/TrackMyTime-Prefix.pch";
				GCC_PREPROCESSOR_DEFINITIONS = (
					"DEBUG=1",
					"$(inherited)",
				);
				INFOPLIST_FILE = "TrackMyTimeTests/TrackMyTimeTests-Info.plist";
				PRODUCT_NAME = "$(TARGET_NAME)";
				TEST_HOST = "$(BUNDLE_LOADER)";
				WRAPPER_EXTENSION = xctest;
			};
			name = Debug;
		};
		DEBB0D06185386C500302AC5 /* Release */ = {
			isa = XCBuildConfiguration;
			buildSettings = {
				ARCHS = "$(ARCHS_STANDARD_INCLUDING_64_BIT)";
				BUNDLE_LOADER = "$(BUILT_PRODUCTS_DIR)/TrackMyTime.app/TrackMyTime";
				FRAMEWORK_SEARCH_PATHS = (
					"$(SDKROOT)/Developer/Library/Frameworks",
					"$(inherited)",
					"$(DEVELOPER_FRAMEWORKS_DIR)",
				);
				GCC_PRECOMPILE_PREFIX_HEADER = YES;
				GCC_PREFIX_HEADER = "TrackMyTime/TrackMyTime-Prefix.pch";
				INFOPLIST_FILE = "TrackMyTimeTests/TrackMyTimeTests-Info.plist";
				PRODUCT_NAME = "$(TARGET_NAME)";
				TEST_HOST = "$(BUNDLE_LOADER)";
				WRAPPER_EXTENSION = xctest;
			};
			name = Release;
		};
/* End XCBuildConfiguration section */

/* Begin XCConfigurationList section */
		DEBB0CCA185386C500302AC5 /* Build configuration list for PBXProject "TrackMyTime" */ = {
			isa = XCConfigurationList;
			buildConfigurations = (
				DEBB0CFF185386C500302AC5 /* Debug */,
				DEBB0D00185386C500302AC5 /* Release */,
			);
			defaultConfigurationIsVisible = 0;
			defaultConfigurationName = Release;
		};
		DEBB0D01185386C500302AC5 /* Build configuration list for PBXNativeTarget "TrackMyTime" */ = {
			isa = XCConfigurationList;
			buildConfigurations = (
				DEBB0D02185386C500302AC5 /* Debug */,
				DEBB0D03185386C500302AC5 /* Release */,
			);
			defaultConfigurationIsVisible = 0;
			defaultConfigurationName = Release;
		};
		DEBB0D04185386C500302AC5 /* Build configuration list for PBXNativeTarget "TrackMyTimeTests" */ = {
			isa = XCConfigurationList;
			buildConfigurations = (
				DEBB0D05185386C500302AC5 /* Debug */,
				DEBB0D06185386C500302AC5 /* Release */,
			);
			defaultConfigurationIsVisible = 0;
			defaultConfigurationName = Release;
		};
/* End XCConfigurationList section */

/* Begin XCVersionGroup section */
		DEBB0D0F1853914E00302AC5 /* TrackMyTime.xcdatamodeld */ = {
			isa = XCVersionGroup;
			children = (
				DEBB0D101853914E00302AC5 /* TrackMyTime.xcdatamodel */,
			);
			currentVersion = DEBB0D101853914E00302AC5 /* TrackMyTime.xcdatamodel */;
			path = TrackMyTime.xcdatamodeld;
			sourceTree = "<group>";
			versionGroupType = wrapper.xcdatamodel;
		};
/* End XCVersionGroup section */
	};
	rootObject = DEBB0CC7185386C500302AC5 /* Project object */;
}
