PODS:
  - DSLCalendarView (0.0.1)
  - HexColors (2.2.1)
  - MMDrawerController (0.5.1):
    - MMDrawerController/Core (= 0.5.1)
    - MMDrawerController/MMDrawerBarButtonItem (= 0.5.1)
    - MMDrawerController/MMDrawerVisualStates (= 0.5.1)
    - MMDrawerController/Subclass (= 0.5.1)
  - MMDrawerController/Core (0.5.1)
  - MMDrawerController/MMDrawerBarButtonItem (0.5.1):
    - MMDrawerController/Core
  - MMDrawerController/MMDrawerVisualStates (0.5.1):
    - MMDrawerController/Core
  - MMDrawerController/Subclass (0.5.1):
    - MMDrawerController/Core
  - SVProgressHUD (1.0)
  - TSMessages (0.9.4):
    - HexColors
  - TTCounterLabel (1.0.3):
    - TTTAttributedLabel (~> 1.7.1)
  - TTTAttributedLabel (1.7.5)
  - XYPieChart (0.2)

DEPENDENCIES:
  - DSLCalendarView
  - MMDrawerController
  - SVProgressHUD
  - TSMessages
  - TTCounterLabel
  - XYPieChart

SPEC CHECKSUMS:
  DSLCalendarView: b4d69604c49911614b63cd7393735d707fe41b94
  HexColors: 01384d2bbe8dc4ffa43c3b4135db6e976952d153
  MMDrawerController: faf577335cedfbc868079fd396e625c9ec183fc5
  SVProgressHUD: 5034c6e22b8c2ca3e09402e48d41ed0340aa1c50
  TSMessages: 6e85d86caa001e4965db8ae24c5ad19a5887667c
  TTCounterLabel: fc77b51e81adb599bd644fec6f12998fc931abb3
  TTTAttributedLabel: 8a0d6aefe4a24b8b91899ee2a8a9b050e70de85d
  XYPieChart: 94f89331038feb5b4e6372ba07c7a89e74899d32

COCOAPODS: 0.35.0
